
Microsoft Visual Studio Solution File, Format Version 12.00
# Visual Studio 15
VisualStudioVersion = 15.0.28307.168
MinimumVisualStudioVersion = 10.0.40219.1
Project("{FAE04EC0-301F-11D3-BF4B-00C04F79EFBC}") = "RevisorAPI", "RevisorAPI\RevisorAPI.csproj", "{FF55C924-662F-4252-9AE7-28A47EC3FC2C}"
EndProject
Global
	GlobalSection(SolutionConfigurationPlatforms) = preSolution
		Debug|Any CPU = Debug|Any CPU
		Release|Any CPU = Release|Any CPU
	EndGlobalSection
	GlobalSection(ProjectConfigurationPlatforms) = postSolution
		{FF55C924-662F-4252-9AE7-28A47EC3FC2C}.Debug|Any CPU.ActiveCfg = Debug|Any CPU
		{FF55C924-662F-4252-9AE7-28A47EC3FC2C}.Debug|Any CPU.Build.0 = Debug|Any CPU
		{FF55C924-662F-4252-9AE7-28A47EC3FC2C}.Release|Any CPU.ActiveCfg = Release|Any CPU
		{FF55C924-662F-4252-9AE7-28A47EC3FC2C}.Release|Any CPU.Build.0 = Release|Any CPU
	EndGlobalSection
	GlobalSection(SolutionProperties) = preSolution
		HideSolutionNode = FALSE
	EndGlobalSection
	GlobalSection(ExtensibilityGlobals) = postSolution
		SolutionGuid = {21C72DA1-E23A-4259-BE99-E3C836542EA9}
	EndGlobalSection
EndGlobal
